
Microsoft Visual Studio Solution File, Format Version 12.00
# Visual Studio Version 17
VisualStudioVersion = 17.2.32616.157
MinimumVisualStudioVersion = 10.0.40219.1
Project("{FAE04EC0-301F-11D3-BF4B-00C04F79EFBC}") = "BalzorHandleImages", "BalzorHandleImages.csproj", "{94F8A75F-FC57-4C87-BAD3-8A936C498089}"
EndProject
Global
	GlobalSection(SolutionConfigurationPlatforms) = preSolution
		Debug|Any CPU = Debug|Any CPU
		Release|Any CPU = Release|Any CPU
	EndGlobalSection
	GlobalSection(ProjectConfigurationPlatforms) = postSolution
		{94F8A75F-FC57-4C87-BAD3-8A936C498089}.Debug|Any CPU.ActiveCfg = Debug|Any CPU
		{94F8A75F-FC57-4C87-BAD3-8A936C498089}.Debug|Any CPU.Build.0 = Debug|Any CPU
		{94F8A75F-FC57-4C87-BAD3-8A936C498089}.Release|Any CPU.ActiveCfg = Release|Any CPU
		{94F8A75F-FC57-4C87-BAD3-8A936C498089}.Release|Any CPU.Build.0 = Release|Any CPU
	EndGlobalSection
	GlobalSection(SolutionProperties) = preSolution
		HideSolutionNode = FALSE
	EndGlobalSection
	GlobalSection(ExtensibilityGlobals) = postSolution
		SolutionGuid = {43F1E406-E943-4E52-9B1D-3F9046C620CF}
	EndGlobalSection
EndGlobal
